// !$*UTF8*$!
{
	archiveVersion = 1;
	classes = {
	};
	objectVersion = 48;
	objects = {

/* Begin PBXBuildFile section */
		294F41381FAFF804009DBAC7 /* AppDelegate.m in Sources */ = {isa = PBXBuildFile; fileRef = 294F41371FAFF804009DBAC7 /* AppDelegate.m */; };
		294F413B1FAFF804009DBAC7 /* ViewController.m in Sources */ = {isa = PBXBuildFile; fileRef = 294F413A1FAFF804009DBAC7 /* ViewController.m */; };
		294F413E1FAFF804009DBAC7 /* Main.storyboard in Resources */ = {isa = PBXBuildFile; fileRef = 294F413C1FAFF804009DBAC7 /* Main.storyboard */; };
		294F41401FAFF804009DBAC7 /* Assets.xcassets in Resources */ = {isa = PBXBuildFile; fileRef = 294F413F1FAFF804009DBAC7 /* Assets.xcassets */; };
		294F41431FAFF804009DBAC7 /* LaunchScreen.storyboard in Resources */ = {isa = PBXBuildFile; fileRef = 294F41411FAFF804009DBAC7 /* LaunchScreen.storyboard */; };
		294F41461FAFF804009DBAC7 /* main.m in Sources */ = {isa = PBXBuildFile; fileRef = 294F41451FAFF804009DBAC7 /* main.m */; };
		294F41501FAFF804009DBAC7 /* TheExplosionButtonTests.m in Sources */ = {isa = PBXBuildFile; fileRef = 294F414F1FAFF804009DBAC7 /* TheExplosionButtonTests.m */; };
		294F415B1FAFF804009DBAC7 /* TheExplosionButtonUITests.m in Sources */ = {isa = PBXBuildFile; fileRef = 294F415A1FAFF804009DBAC7 /* TheExplosionButtonUITests.m */; };
		294F416A1FAFF85E009DBAC7 /* BowButton.m in Sources */ = {isa = PBXBuildFile; fileRef = 294F41691FAFF85E009DBAC7 /* BowButton.m */; };
/* End PBXBuildFile section */

/* Begin PBXContainerItemProxy section */
		294F414C1FAFF804009DBAC7 /* PBXContainerItemProxy */ = {
			isa = PBXContainerItemProxy;
			containerPortal = 294F412B1FAFF803009DBAC7 /* Project object */;
			proxyType = 1;
			remoteGlobalIDString = 294F41321FAFF803009DBAC7;
			remoteInfo = TheExplosionButton;
		};
		294F41571FAFF804009DBAC7 /* PBXContainerItemProxy */ = {
			isa = PBXContainerItemProxy;
			containerPortal = 294F412B1FAFF803009DBAC7 /* Project object */;
			proxyType = 1;
			remoteGlobalIDString = 294F41321FAFF803009DBAC7;
			remoteInfo = TheExplosionButton;
		};
/* End PBXContainerItemProxy section */

/* Begin PBXFileReference section */
		294F41331FAFF803009DBAC7 /* TheExplosionButton.app */ = {isa = PBXFileReference; explicitFileType = wrapper.application; includeInIndex = 0; path = TheExplosionButton.app; sourceTree = BUILT_PRODUCTS_DIR; };
		294F41361FAFF803009DBAC7 /* AppDelegate.h */ = {isa = PBXFileReference; lastKnownFileType = sourcecode.c.h; path = AppDelegate.h; sourceTree = "<group>"; };
		294F41371FAFF804009DBAC7 /* AppDelegate.m */ = {isa = PBXFileReference; lastKnownFileType = sourcecode.c.objc; path = AppDelegate.m; sourceTree = "<group>"; };
		294F41391FAFF804009DBAC7 /* ViewController.h */ = {isa = PBXFileReference; lastKnownFileType = sourcecode.c.h; path = ViewController.h; sourceTree = "<group>"; };
		294F413A1FAFF804009DBAC7 /* ViewController.m */ = {isa = PBXFileReference; lastKnownFileType = sourcecode.c.objc; path = ViewController.m; sourceTree = "<group>"; };
		294F413D1FAFF804009DBAC7 /* Base */ = {isa = PBXFileReference; lastKnownFileType = file.storyboard; name = Base; path = Base.lproj/Main.storyboard; sourceTree = "<group>"; };
		294F413F1FAFF804009DBAC7 /* Assets.xcassets */ = {isa = PBXFileReference; lastKnownFileType = folder.assetcatalog; path = Assets.xcassets; sourceTree = "<group>"; };
		294F41421FAFF804009DBAC7 /* Base */ = {isa = PBXFileReference; lastKnownFileType = file.storyboard; name = Base; path = Base.lproj/LaunchScreen.storyboard; sourceTree = "<group>"; };
		294F41441FAFF804009DBAC7 /* Info.plist */ = {isa = PBXFileReference; lastKnownFileType = text.plist.xml; path = Info.plist; sourceTree = "<group>"; };
		294F41451FAFF804009DBAC7 /* main.m */ = {isa = PBXFileReference; lastKnownFileType = sourcecode.c.objc; path = main.m; sourceTree = "<group>"; };
		294F414B1FAFF804009DBAC7 /* TheExplosionButtonTests.xctest */ = {isa = PBXFileReference; explicitFileType = wrapper.cfbundle; includeInIndex = 0; path = TheExplosionButtonTests.xctest; sourceTree = BUILT_PRODUCTS_DIR; };
		294F414F1FAFF804009DBAC7 /* TheExplosionButtonTests.m */ = {isa = PBXFileReference; lastKnownFileType = sourcecode.c.objc; path = TheExplosionButtonTests.m; sourceTree = "<group>"; };
		294F41511FAFF804009DBAC7 /* Info.plist */ = {isa = PBXFileReference; lastKnownFileType = text.plist.xml; path = Info.plist; sourceTree = "<group>"; };
		294F41561FAFF804009DBAC7 /* TheExplosionButtonUITests.xctest */ = {isa = PBXFileReference; explicitFileType = wrapper.cfbundle; includeInIndex = 0; path = TheExplosionButtonUITests.xctest; sourceTree = BUILT_PRODUCTS_DIR; };
		294F415A1FAFF804009DBAC7 /* TheExplosionButtonUITests.m */ = {isa = PBXFileReference; lastKnownFileType = sourcecode.c.objc; path = TheExplosionButtonUITests.m; sourceTree = "<group>"; };
		294F415C1FAFF804009DBAC7 /* Info.plist */ = {isa = PBXFileReference; lastKnownFileType = text.plist.xml; path = Info.plist; sourceTree = "<group>"; };
		294F41681FAFF85E009DBAC7 /* BowButton.h */ = {isa = PBXFileReference; lastKnownFileType = sourcecode.c.h; path = BowButton.h; sourceTree = "<group>"; };
		294F41691FAFF85E009DBAC7 /* BowButton.m */ = {isa = PBXFileReference; lastKnownFileType = sourcecode.c.objc; path = BowButton.m; sourceTree = "<group>"; };
/* End PBXFileReference section */

/* Begin PBXFrameworksBuildPhase section */
		294F41301FAFF803009DBAC7 /* Frameworks */ = {
			isa = PBXFrameworksBuildPhase;
			buildActionMask = 2147483647;
			files = (
			);
			runOnlyForDeploymentPostprocessing = 0;
		};
		294F41481FAFF804009DBAC7 /* Frameworks */ = {
			isa = PBXFrameworksBuildPhase;
			buildActionMask = 2147483647;
			files = (
			);
			runOnlyForDeploymentPostprocessing = 0;
		};
		294F41531FAFF804009DBAC7 /* Frameworks */ = {
			isa = PBXFrameworksBuildPhase;
			buildActionMask = 2147483647;
			files = (
			);
			runOnlyForDeploymentPostprocessing = 0;
		};
/* End PBXFrameworksBuildPhase section */

/* Begin PBXGroup section */
		294F412A1FAFF803009DBAC7 = {
			isa = PBXGroup;
			children = (
				294F41351FAFF803009DBAC7 /* TheExplosionButton */,
				294F414E1FAFF804009DBAC7 /* TheExplosionButtonTests */,
				294F41591FAFF804009DBAC7 /* TheExplosionButtonUITests */,
				294F41341FAFF803009DBAC7 /* Products */,
			);
			sourceTree = "<group>";
		};
		294F41341FAFF803009DBAC7 /* Products */ = {
			isa = PBXGroup;
			children = (
				294F41331FAFF803009DBAC7 /* TheExplosionButton.app */,
				294F414B1FAFF804009DBAC7 /* TheExplosionButtonTests.xctest */,
				294F41561FAFF804009DBAC7 /* TheExplosionButtonUITests.xctest */,
			);
			name = Products;
			sourceTree = "<group>";
		};
		294F41351FAFF803009DBAC7 /* TheExplosionButton */ = {
			isa = PBXGroup;
			children = (
				294F41361FAFF803009DBAC7 /* AppDelegate.h */,
				294F41371FAFF804009DBAC7 /* AppDelegate.m */,
				294F41391FAFF804009DBAC7 /* ViewController.h */,
				294F413A1FAFF804009DBAC7 /* ViewController.m */,
				294F41681FAFF85E009DBAC7 /* BowButton.h */,
				294F41691FAFF85E009DBAC7 /* BowButton.m */,
				294F413C1FAFF804009DBAC7 /* Main.storyboard */,
				294F413F1FAFF804009DBAC7 /* Assets.xcassets */,
				294F41411FAFF804009DBAC7 /* LaunchScreen.storyboard */,
				294F41441FAFF804009DBAC7 /* Info.plist */,
				294F41451FAFF804009DBAC7 /* main.m */,
			);
			path = TheExplosionButton;
			sourceTree = "<group>";
		};
		294F414E1FAFF804009DBAC7 /* TheExplosionButtonTests */ = {
			isa = PBXGroup;
			children = (
				294F414F1FAFF804009DBAC7 /* TheExplosionButtonTests.m */,
				294F41511FAFF804009DBAC7 /* Info.plist */,
			);
			path = TheExplosionButtonTests;
			sourceTree = "<group>";
		};
		294F41591FAFF804009DBAC7 /* TheExplosionButtonUITests */ = {
			isa = PBXGroup;
			children = (
				294F415A1FAFF804009DBAC7 /* TheExplosionButtonUITests.m */,
				294F415C1FAFF804009DBAC7 /* Info.plist */,
			);
			path = TheExplosionButtonUITests;
			sourceTree = "<group>";
		};
/* End PBXGroup section */

/* Begin PBXNativeTarget section */
		294F41321FAFF803009DBAC7 /* TheExplosionButton */ = {
			isa = PBXNativeTarget;
			buildConfigurationList = 294F415F1FAFF804009DBAC7 /* Build configuration list for PBXNativeTarget "TheExplosionButton" */;
			buildPhases = (
				294F412F1FAFF803009DBAC7 /* Sources */,
				294F41301FAFF803009DBAC7 /* Frameworks */,
				294F41311FAFF803009DBAC7 /* Resources */,
			);
			buildRules = (
			);
			dependencies = (
			);
			name = TheExplosionButton;
			productName = TheExplosionButton;
			productReference = 294F41331FAFF803009DBAC7 /* TheExplosionButton.app */;
			productType = "com.apple.product-type.application";
		};
		294F414A1FAFF804009DBAC7 /* TheExplosionButtonTests */ = {
			isa = PBXNativeTarget;
			buildConfigurationList = 294F41621FAFF804009DBAC7 /* Build configuration list for PBXNativeTarget "TheExplosionButtonTests" */;
			buildPhases = (
				294F41471FAFF804009DBAC7 /* Sources */,
				294F41481FAFF804009DBAC7 /* Frameworks */,
				294F41491FAFF804009DBAC7 /* Resources */,
			);
			buildRules = (
			);
			dependencies = (
				294F414D1FAFF804009DBAC7 /* PBXTargetDependency */,
			);
			name = TheExplosionButtonTests;
			productName = TheExplosionButtonTests;
			productReference = 294F414B1FAFF804009DBAC7 /* TheExplosionButtonTests.xctest */;
			productType = "com.apple.product-type.bundle.unit-test";
		};
		294F41551FAFF804009DBAC7 /* TheExplosionButtonUITests */ = {
			isa = PBXNativeTarget;
			buildConfigurationList = 294F41651FAFF804009DBAC7 /* Build configuration list for PBXNativeTarget "TheExplosionButtonUITests" */;
			buildPhases = (
				294F41521FAFF804009DBAC7 /* Sources */,
				294F41531FAFF804009DBAC7 /* Frameworks */,
				294F41541FAFF804009DBAC7 /* Resources */,
			);
			buildRules = (
			);
			dependencies = (
				294F41581FAFF804009DBAC7 /* PBXTargetDependency */,
			);
			name = TheExplosionButtonUITests;
			productName = TheExplosionButtonUITests;
			productReference = 294F41561FAFF804009DBAC7 /* TheExplosionButtonUITests.xctest */;
			productType = "com.apple.product-type.bundle.ui-testing";
		};
/* End PBXNativeTarget section */

/* Begin PBXProject section */
		294F412B1FAFF803009DBAC7 /* Project object */ = {
			isa = PBXProject;
			attributes = {
				LastUpgradeCheck = 0910;
				ORGANIZATIONNAME = xrh;
				TargetAttributes = {
					294F41321FAFF803009DBAC7 = {
						CreatedOnToolsVersion = 9.1;
						ProvisioningStyle = Automatic;
					};
					294F414A1FAFF804009DBAC7 = {
						CreatedOnToolsVersion = 9.1;
						ProvisioningStyle = Automatic;
						TestTargetID = 294F41321FAFF803009DBAC7;
					};
					294F41551FAFF804009DBAC7 = {
						CreatedOnToolsVersion = 9.1;
						ProvisioningStyle = Automatic;
						TestTargetID = 294F41321FAFF803009DBAC7;
					};
				};
			};
			buildConfigurationList = 294F412E1FAFF803009DBAC7 /* Build configuration list for PBXProject "TheExplosionButton" */;
			compatibilityVersion = "Xcode 8.0";
			developmentRegion = en;
			hasScannedForEncodings = 0;
			knownRegions = (
				en,
				Base,
			);
			mainGroup = 294F412A1FAFF803009DBAC7;
			productRefGroup = 294F41341FAFF803009DBAC7 /* Products */;
			projectDirPath = "";
			projectRoot = "";
			targets = (
				294F41321FAFF803009DBAC7 /* TheExplosionButton */,
				294F414A1FAFF804009DBAC7 /* TheExplosionButtonTests */,
				294F41551FAFF804009DBAC7 /* TheExplosionButtonUITests */,
			);
		};
/* End PBXProject section */

/* Begin PBXResourcesBuildPhase section */
		294F41311FAFF803009DBAC7 /* Resources */ = {
			isa = PBXResourcesBuildPhase;
			buildActionMask = 2147483647;
			files = (
				294F41431FAFF804009DBAC7 /* LaunchScreen.storyboard in Resources */,
				294F41401FAFF804009DBAC7 /* Assets.xcassets in Resources */,
				294F413E1FAFF804009DBAC7 /* Main.storyboard in Resources */,
			);
			runOnlyForDeploymentPostprocessing = 0;
		};
		294F41491FAFF804009DBAC7 /* Resources */ = {
			isa = PBXResourcesBuildPhase;
			buildActionMask = 2147483647;
			files = (
			);
			runOnlyForDeploymentPostprocessing = 0;
		};
		294F41541FAFF804009DBAC7 /* Resources */ = {
			isa = PBXResourcesBuildPhase;
			buildActionMask = 2147483647;
			files = (
			);
			runOnlyForDeploymentPostprocessing = 0;
		};
/* End PBXResourcesBuildPhase section */

/* Begin PBXSourcesBuildPhase section */
		294F412F1FAFF803009DBAC7 /* Sources */ = {
			isa = PBXSourcesBuildPhase;
			buildActionMask = 2147483647;
			files = (
				294F413B1FAFF804009DBAC7 /* ViewController.m in Sources */,
				294F41461FAFF804009DBAC7 /* main.m in Sources */,
				294F416A1FAFF85E009DBAC7 /* BowButton.m in Sources */,
				294F41381FAFF804009DBAC7 /* AppDelegate.m in Sources */,
			);
			runOnlyForDeploymentPostprocessing = 0;
		};
		294F41471FAFF804009DBAC7 /* Sources */ = {
			isa = PBXSourcesBuildPhase;
			buildActionMask = 2147483647;
			files = (
				294F41501FAFF804009DBAC7 /* TheExplosionButtonTests.m in Sources */,
			);
			runOnlyForDeploymentPostprocessing = 0;
		};
		294F41521FAFF804009DBAC7 /* Sources */ = {
			isa = PBXSourcesBuildPhase;
			buildActionMask = 2147483647;
			files = (
				294F415B1FAFF804009DBAC7 /* TheExplosionButtonUITests.m in Sources */,
			);
			runOnlyForDeploymentPostprocessing = 0;
		};
/* End PBXSourcesBuildPhase section */

/* Begin PBXTargetDependency section */
		294F414D1FAFF804009DBAC7 /* PBXTargetDependency */ = {
			isa = PBXTargetDependency;
			target = 294F41321FAFF803009DBAC7 /* TheExplosionButton */;
			targetProxy = 294F414C1FAFF804009DBAC7 /* PBXContainerItemProxy */;
		};
		294F41581FAFF804009DBAC7 /* PBXTargetDependency */ = {
			isa = PBXTargetDependency;
			target = 294F41321FAFF803009DBAC7 /* TheExplosionButton */;
			targetProxy = 294F41571FAFF804009DBAC7 /* PBXContainerItemProxy */;
		};
/* End PBXTargetDependency section */

/* Begin PBXVariantGroup section */
		294F413C1FAFF804009DBAC7 /* Main.storyboard */ = {
			isa = PBXVariantGroup;
			children = (
				294F413D1FAFF804009DBAC7 /* Base */,
			);
			name = Main.storyboard;
			sourceTree = "<group>";
		};
		294F41411FAFF804009DBAC7 /* LaunchScreen.storyboard */ = {
			isa = PBXVariantGroup;
			children = (
				294F41421FAFF804009DBAC7 /* Base */,
			);
			name = LaunchScreen.storyboard;
			sourceTree = "<group>";
		};
/* End PBXVariantGroup section */

/* Begin XCBuildConfiguration section */
		294F415D1FAFF804009DBAC7 /* Debug */ = {
			isa = XCBuildConfiguration;
			buildSettings = {
				ALWAYS_SEARCH_USER_PATHS = NO;
				CLANG_ANALYZER_NONNULL = YES;
				CLANG_ANALYZER_NUMBER_OBJECT_CONVERSION = YES_AGGRESSIVE;
				CLANG_CXX_LANGUAGE_STANDARD = "gnu++14";
				CLANG_CXX_LIBRARY = "libc++";
				CLANG_ENABLE_MODULES = YES;
				CLANG_ENABLE_OBJC_ARC = YES;
				CLANG_WARN_BLOCK_CAPTURE_AUTORELEASING = YES;
				CLANG_WARN_BOOL_CONVERSION = YES;
				CLANG_WARN_COMMA = YES;
				CLANG_WARN_CONSTANT_CONVERSION = YES;
				CLANG_WARN_DIRECT_OBJC_ISA_USAGE = YES_ERROR;
				CLANG_WARN_DOCUMENTATION_COMMENTS = YES;
				CLANG_WARN_EMPTY_BODY = YES;
				CLANG_WARN_ENUM_CONVERSION = YES;
				CLANG_WARN_INFINITE_RECURSION = YES;
				CLANG_WARN_INT_CONVERSION = YES;
				CLANG_WARN_NON_LITERAL_NULL_CONVERSION = YES;
				CLANG_WARN_OBJC_LITERAL_CONVERSION = YES;
				CLANG_WARN_OBJC_ROOT_CLASS = YES_ERROR;
				CLANG_WARN_RANGE_LOOP_ANALYSIS = YES;
				CLANG_WARN_STRICT_PROTOTYPES = YES;
				CLANG_WARN_SUSPICIOUS_MOVE = YES;
				CLANG_WARN_UNGUARDED_AVAILABILITY = YES_AGGRESSIVE;
				CLANG_WARN_UNREACHABLE_CODE = YES;
				CLANG_WARN__DUPLICATE_METHOD_MATCH = YES;
				CODE_SIGN_IDENTITY = "iPhone Developer";
				COPY_PHASE_STRIP = NO;
				DEBUG_INFORMATION_FORMAT = dwarf;
				ENABLE_STRICT_OBJC_MSGSEND = YES;
				ENABLE_TESTABILITY = YES;
				GCC_C_LANGUAGE_STANDARD = gnu11;
				GCC_DYNAMIC_NO_PIC = NO;
				GCC_NO_COMMON_BLOCKS = YES;
				GCC_OPTIMIZATION_LEVEL = 0;
				GCC_PREPROCESSOR_DEFINITIONS = (
					"DEBUG=1",
					"$(inherited)",
				);
				GCC_WARN_64_TO_32_BIT_CONVERSION = YES;
				GCC_WARN_ABOUT_RETURN_TYPE = YES_ERROR;
				GCC_WARN_UNDECLARED_SELECTOR = YES;
				GCC_WARN_UNINITIALIZED_AUTOS = YES_AGGRESSIVE;
				GCC_WARN_UNUSED_FUNCTION = YES;
				GCC_WARN_UNUSED_VARIABLE = YES;
				IPHONEOS_DEPLOYMENT_TARGET = 11.1;
				MTL_ENABLE_DEBUG_INFO = YES;
				ONLY_ACTIVE_ARCH = YES;
				SDKROOT = iphoneos;
			};
			name = Debug;
		};
		294F415E1FAFF804009DBAC7 /* Release */ = {
			isa = XCBuildConfiguration;
			buildSettings = {
				ALWAYS_SEARCH_USER_PATHS = NO;
				CLANG_ANALYZER_NONNULL = YES;
				CLANG_ANALYZER_NUMBER_OBJECT_CONVERSION = YES_AGGRESSIVE;
				CLANG_CXX_LANGUAGE_STANDARD = "gnu++14";
				CLANG_CXX_LIBRARY = "libc++";
				CLANG_ENABLE_MODULES = YES;
				CLANG_ENABLE_OBJC_ARC = YES;
				CLANG_WARN_BLOCK_CAPTURE_AUTORELEASING = YES;
				CLANG_WARN_BOOL_CONVERSION = YES;
				CLANG_WARN_COMMA = YES;
				CLANG_WARN_CONSTANT_CONVERSION = YES;
				CLANG_WARN_DIRECT_OBJC_ISA_USAGE = YES_ERROR;
				CLANG_WARN_DOCUMENTATION_COMMENTS = YES;
				CLANG_WARN_EMPTY_BODY = YES;
				CLANG_WARN_ENUM_CONVERSION = YES;
				CLANG_WARN_INFINITE_RECURSION = YES;
				CLANG_WARN_INT_CONVERSION = YES;
				CLANG_WARN_NON_LITERAL_NULL_CONVERSION = YES;
				CLANG_WARN_OBJC_LITERAL_CONVERSION = YES;
				CLANG_WARN_OBJC_ROOT_CLASS = YES_ERROR;
				CLANG_WARN_RANGE_LOOP_ANALYSIS = YES;
				CLANG_WARN_STRICT_PROTOTYPES = YES;
				CLANG_WARN_SUSPICIOUS_MOVE = YES;
				CLANG_WARN_UNGUARDED_AVAILABILITY = YES_AGGRESSIVE;
				CLANG_WARN_UNREACHABLE_CODE = YES;
				CLANG_WARN__DUPLICATE_METHOD_MATCH = YES;
				CODE_SIGN_IDENTITY = "iPhone Developer";
				COPY_PHASE_STRIP = NO;
				DEBUG_INFORMATION_FORMAT = "dwarf-with-dsym";
				ENABLE_NS_ASSERTIONS = NO;
				ENABLE_STRICT_OBJC_MSGSEND = YES;
				GCC_C_LANGUAGE_STANDARD = gnu11;
				GCC_NO_COMMON_BLOCKS = YES;
				GCC_WARN_64_TO_32_BIT_CONVERSION = YES;
				GCC_WARN_ABOUT_RETURN_TYPE = YES_ERROR;
				GCC_WARN_UNDECLARED_SELECTOR = YES;
				GCC_WARN_UNINITIALIZED_AUTOS = YES_AGGRESSIVE;
				GCC_WARN_UNUSED_FUNCTION = YES;
				GCC_WARN_UNUSED_VARIABLE = YES;
				IPHONEOS_DEPLOYMENT_TARGET = 11.1;
				MTL_ENABLE_DEBUG_INFO = NO;
				SDKROOT = iphoneos;
				VALIDATE_PRODUCT = YES;
			};
			name = Release;
		};
		294F41601FAFF804009DBAC7 /* Debug */ = {
			isa = XCBuildConfiguration;
			buildSettings = {
				ASSETCATALOG_COMPILER_APPICON_NAME = AppIcon;
				CODE_SIGN_STYLE = Automatic;
				DEVELOPMENT_TEAM = 4U8M5497ZW;
				INFOPLIST_FILE = TheExplosionButton/Info.plist;
				LD_RUNPATH_SEARCH_PATHS = "$(inherited) @executable_path/Frameworks";
				PRODUCT_BUNDLE_IDENTIFIER = XRH.TheExplosionButton;
				PRODUCT_NAME = "$(TARGET_NAME)";
				TARGETED_DEVICE_FAMILY = "1,2";
			};
			name = Debug;
		};
		294F41611FAFF804009DBAC7 /* Release */ = {
			isa = XCBuildConfiguration;
			buildSettings = {
				ASSETCATALOG_COMPILER_APPICON_NAME = AppIcon;
				CODE_SIGN_STYLE = Automatic;
				DEVELOPMENT_TEAM = 4U8M5497ZW;
				INFOPLIST_FILE = TheExplosionButton/Info.plist;
				LD_RUNPATH_SEARCH_PATHS = "$(inherited) @executable_path/Frameworks";
				PRODUCT_BUNDLE_IDENTIFIER = XRH.TheExplosionButton;
				PRODUCT_NAME = "$(TARGET_NAME)";
				TARGETED_DEVICE_FAMILY = "1,2";
			};
			name = Release;
		};
		294F41631FAFF804009DBAC7 /* Debug */ = {
			isa = XCBuildConfiguration;
			buildSettings = {
				BUNDLE_LOADER = "$(TEST_HOST)";
				CODE_SIGN_STYLE = Automatic;
				DEVELOPMENT_TEAM = 4U8M5497ZW;
				INFOPLIST_FILE = TheExplosionButtonTests/Info.plist;
				LD_RUNPATH_SEARCH_PATHS = "$(inherited) @executable_path/Frameworks @loader_path/Frameworks";
				PRODUCT_BUNDLE_IDENTIFIER = XRH.TheExplosionButtonTests;
				PRODUCT_NAME = "$(TARGET_NAME)";
				TARGETED_DEVICE_FAMILY = "1,2";
				TEST_HOST = "$(BUILT_PRODUCTS_DIR)/TheExplosionButton.app/TheExplosionButton";
			};
			name = Debug;
		};
		294F41641FAFF804009DBAC7 /* Release */ = {
			isa = XCBuildConfiguration;
			buildSettings = {
				BUNDLE_LOADER = "$(TEST_HOST)";
				CODE_SIGN_STYLE = Automatic;
				DEVELOPMENT_TEAM = 4U8M5497ZW;
				INFOPLIST_FILE = TheExplosionButtonTests/Info.plist;
				LD_RUNPATH_SEARCH_PATHS = "$(inherited) @executable_path/Frameworks @loader_path/Frameworks";
				PRODUCT_BUNDLE_IDENTIFIER = XRH.TheExplosionButtonTests;
				PRODUCT_NAME = "$(TARGET_NAME)";
				TARGETED_DEVICE_FAMILY = "1,2";
				TEST_HOST = "$(BUILT_PRODUCTS_DIR)/TheExplosionButton.app/TheExplosionButton";
			};
			name = Release;
		};
		294F41661FAFF804009DBAC7 /* Debug */ = {
			isa = XCBuildConfiguration;
			buildSettings = {
				CODE_SIGN_STYLE = Automatic;
				DEVELOPMENT_TEAM = 4U8M5497ZW;
				INFOPLIST_FILE = TheExplosionButtonUITests/Info.plist;
				LD_RUNPATH_SEARCH_PATHS = "$(inherited) @executable_path/Frameworks @loader_path/Frameworks";
				PRODUCT_BUNDLE_IDENTIFIER = XRH.TheExplosionButtonUITests;
				PRODUCT_NAME = "$(TARGET_NAME)";
				TARGETED_DEVICE_FAMILY = "1,2";
				TEST_TARGET_NAME = TheExplosionButton;
			};
			name = Debug;
		};
		294F41671FAFF804009DBAC7 /* Release */ = {
			isa = XCBuildConfiguration;
			buildSettings = {
				CODE_SIGN_STYLE = Automatic;
				DEVELOPMENT_TEAM = 4U8M5497ZW;
				INFOPLIST_FILE = TheExplosionButtonUITests/Info.plist;
				LD_RUNPATH_SEARCH_PATHS = "$(inherited) @executable_path/Frameworks @loader_path/Frameworks";
				PRODUCT_BUNDLE_IDENTIFIER = XRH.TheExplosionButtonUITests;
				PRODUCT_NAME = "$(TARGET_NAME)";
				TARGETED_DEVICE_FAMILY = "1,2";
				TEST_TARGET_NAME = TheExplosionButton;
			};
			name = Release;
		};
/* End XCBuildConfiguration section */

/* Begin XCConfigurationList section */
		294F412E1FAFF803009DBAC7 /* Build configuration list for PBXProject "TheExplosionButton" */ = {
			isa = XCConfigurationList;
			buildConfigurations = (
				294F415D1FAFF804009DBAC7 /* Debug */,
				294F415E1FAFF804009DBAC7 /* Release */,
			);
			defaultConfigurationIsVisible = 0;
			defaultConfigurationName = Release;
		};
		294F415F1FAFF804009DBAC7 /* Build configuration list for PBXNativeTarget "TheExplosionButton" */ = {
			isa = XCConfigurationList;
			buildConfigurations = (
				294F41601FAFF804009DBAC7 /* Debug */,
				294F41611FAFF804009DBAC7 /* Release */,
			);
			defaultConfigurationIsVisible = 0;
			defaultConfigurationName = Release;
		};
		294F41621FAFF804009DBAC7 /* Build configuration list for PBXNativeTarget "TheExplosionButtonTests" */ = {
			isa = XCConfigurationList;
			buildConfigurations = (
				294F41631FAFF804009DBAC7 /* Debug */,
				294F41641FAFF804009DBAC7 /* Release */,
			);
			defaultConfigurationIsVisible = 0;
			defaultConfigurationName = Release;
		};
		294F41651FAFF804009DBAC7 /* Build configuration list for PBXNativeTarget "TheExplosionButtonUITests" */ = {
			isa = XCConfigurationList;
			buildConfigurations = (
				294F41661FAFF804009DBAC7 /* Debug */,
				294F41671FAFF804009DBAC7 /* Release */,
			);
			defaultConfigurationIsVisible = 0;
			defaultConfigurationName = Release;
		};
/* End XCConfigurationList section */
	};
	rootObject = 294F412B1FAFF803009DBAC7 /* Project object */;
}
